
Microsoft Visual Studio Solution File, Format Version 12.00
Project("{FAE04EC0-301F-11D3-BF4B-00C04F79EFBC}") = "ChainOfResponsibility", "ChainOfResponsibility\ChainOfResponsibility.csproj", "{F6E40F0F-5E38-4C08-B6F2-FA15AF1B9076}"
EndProject
Project("{FAE04EC0-301F-11D3-BF4B-00C04F79EFBC}") = "DoubleDispatch", "DoubleDispatch\DoubleDispatch.csproj", "{4B097547-750C-4B76-AF94-AC42356C26C4}"
EndProject
Project("{FAE04EC0-301F-11D3-BF4B-00C04F79EFBC}") = "Visitor", "Visitor\Visitor.csproj", "{0254259A-048A-49DF-8AB7-C607673D227C}"
EndProject
Project("{FAE04EC0-301F-11D3-BF4B-00C04F79EFBC}") = "Composite", "Composite\Composite.csproj", "{84B8CDB4-1221-4846-B986-1301D6F4CB0D}"
EndProject
Global
	GlobalSection(SolutionConfigurationPlatforms) = preSolution
		Debug|Any CPU = Debug|Any CPU
		Release|Any CPU = Release|Any CPU
	EndGlobalSection
	GlobalSection(ProjectConfigurationPlatforms) = postSolution
		{F6E40F0F-5E38-4C08-B6F2-FA15AF1B9076}.Debug|Any CPU.ActiveCfg = Debug|Any CPU
		{F6E40F0F-5E38-4C08-B6F2-FA15AF1B9076}.Debug|Any CPU.Build.0 = Debug|Any CPU
		{F6E40F0F-5E38-4C08-B6F2-FA15AF1B9076}.Release|Any CPU.ActiveCfg = Release|Any CPU
		{F6E40F0F-5E38-4C08-B6F2-FA15AF1B9076}.Release|Any CPU.Build.0 = Release|Any CPU
		{4B097547-750C-4B76-AF94-AC42356C26C4}.Debug|Any CPU.ActiveCfg = Debug|Any CPU
		{4B097547-750C-4B76-AF94-AC42356C26C4}.Debug|Any CPU.Build.0 = Debug|Any CPU
		{4B097547-750C-4B76-AF94-AC42356C26C4}.Release|Any CPU.ActiveCfg = Release|Any CPU
		{4B097547-750C-4B76-AF94-AC42356C26C4}.Release|Any CPU.Build.0 = Release|Any CPU
		{0254259A-048A-49DF-8AB7-C607673D227C}.Debug|Any CPU.ActiveCfg = Debug|Any CPU
		{0254259A-048A-49DF-8AB7-C607673D227C}.Debug|Any CPU.Build.0 = Debug|Any CPU
		{0254259A-048A-49DF-8AB7-C607673D227C}.Release|Any CPU.ActiveCfg = Release|Any CPU
		{0254259A-048A-49DF-8AB7-C607673D227C}.Release|Any CPU.Build.0 = Release|Any CPU
		{84B8CDB4-1221-4846-B986-1301D6F4CB0D}.Debug|Any CPU.ActiveCfg = Debug|Any CPU
		{84B8CDB4-1221-4846-B986-1301D6F4CB0D}.Debug|Any CPU.Build.0 = Debug|Any CPU
		{84B8CDB4-1221-4846-B986-1301D6F4CB0D}.Release|Any CPU.ActiveCfg = Release|Any CPU
		{84B8CDB4-1221-4846-B986-1301D6F4CB0D}.Release|Any CPU.Build.0 = Release|Any CPU
	EndGlobalSection
EndGlobal
